{
	"name": "scheme2C",
	"version": "0.0.1",
	"lockfileVersion": 1,
	"requires": true,
	"dependencies": {
		"commander": {
			"version": "2.15.1",
			"resolved": "https://registry.npmjs.org/commander/-/commander-2.15.1.tgz",
			"integrity": "sha512-VlfT9F3V0v+jr4yxPc5gg9s62/fIVWsd2Bk2iD435um1NlGMYdVCq+MjcXnhYq2icNOizHr1kK+5TI6H0Hy0ag=="
		},
		"fs": {
			"version": "0.0.1-security",
			"resolved": "https://registry.npmjs.org/fs/-/fs-0.0.1-security.tgz",
			"integrity": "sha1-invTcYa23d84E/I4WLV+yq9eQdQ="
		}
	}
}
